
Microsoft Visual Studio Solution File, Format Version 9.00
# Visual Studio 2005
Project("{FAE04EC0-301F-11D3-BF4B-00C04F79EFBC}") = "NetzwerkFluss", "NetwerkFluss\NetzwerkFluss.csproj", "{D0EF4FA7-1FAA-4846-93F8-09CF8B5248FE}"
EndProject
Project("{FAE04EC0-301F-11D3-BF4B-00C04F79EFBC}") = "Matrix", "Matrix\Matrix.csproj", "{AD0C7B6D-44F2-411D-976A-2FC810201EFA}"
EndProject
Global
	GlobalSection(SolutionConfigurationPlatforms) = preSolution
		Debug|Any CPU = Debug|Any CPU
		Release|Any CPU = Release|Any CPU
	EndGlobalSection
	GlobalSection(ProjectConfigurationPlatforms) = postSolution
		{D0EF4FA7-1FAA-4846-93F8-09CF8B5248FE}.Debug|Any CPU.ActiveCfg = Debug|Any CPU
		{D0EF4FA7-1FAA-4846-93F8-09CF8B5248FE}.Debug|Any CPU.Build.0 = Debug|Any CPU
		{D0EF4FA7-1FAA-4846-93F8-09CF8B5248FE}.Release|Any CPU.ActiveCfg = Release|Any CPU
		{D0EF4FA7-1FAA-4846-93F8-09CF8B5248FE}.Release|Any CPU.Build.0 = Release|Any CPU
		{AD0C7B6D-44F2-411D-976A-2FC810201EFA}.Debug|Any CPU.ActiveCfg = Debug|Any CPU
		{AD0C7B6D-44F2-411D-976A-2FC810201EFA}.Debug|Any CPU.Build.0 = Debug|Any CPU
		{AD0C7B6D-44F2-411D-976A-2FC810201EFA}.Release|Any CPU.ActiveCfg = Release|Any CPU
		{AD0C7B6D-44F2-411D-976A-2FC810201EFA}.Release|Any CPU.Build.0 = Release|Any CPU
	EndGlobalSection
	GlobalSection(SolutionProperties) = preSolution
		HideSolutionNode = FALSE
	EndGlobalSection
EndGlobal
